{
  "name": "@fdy/faraday-js",
  "version": "0.1.146",
  "lockfileVersion": 3,
  "requires": true,
  "packages": {
    "": {
      "name": "@fdy/faraday-js",
      "version": "0.1.146",
      "devDependencies": {
        "typescript": "^3.9.5"
      }
    },
    "node_modules/typescript": {
      "version": "3.9.10",
      "resolved": "https://registry.npmjs.org/typescript/-/typescript-3.9.10.tgz",
      "integrity": "sha512-w6fIxVE/H1PkLKcCPsFqKE7Kv7QUwhU8qQY2MueZXWx5cPZdwFupLgKK3vntcK98BtNHZtAF4LA/yl2a7k8R6Q==",
      "dev": true,
      "bin": {
        "tsc": "bin/tsc",
        "tsserver": "bin/tsserver"
      },
      "engines": {
        "node": ">=4.2.0"
      }
    }
  }
}
